// !$*UTF8*$!
{
	archiveVersion = 1;
	classes = {
	};
	objectVersion = 46;
	objects = {

/* Begin PBXBuildFile section */
		1D6575591B1F68FC00A895FE /* FollowDevView.swift in Sources */ = {isa = PBXBuildFile; fileRef = 1D6575581B1F68FC00A895FE /* FollowDevView.swift */; };
		1D69D63F1B14FA9F00D12524 /* MultiplayerViewController.swift in Sources */ = {isa = PBXBuildFile; fileRef = 1D69D63E1B14FA9F00D12524 /* MultiplayerViewController.swift */; };
		1D7F562E1B0CF63E00A94E99 /* AppDelegate.swift in Sources */ = {isa = PBXBuildFile; fileRef = 1D7F562D1B0CF63E00A94E99 /* AppDelegate.swift */; };
		1D7F56311B0CF63E00A94E99 /* Tic_Tac_To.xcdatamodeld in Sources */ = {isa = PBXBuildFile; fileRef = 1D7F562F1B0CF63E00A94E99 /* Tic_Tac_To.xcdatamodeld */; };
		1D7F56331B0CF63E00A94E99 /* ViewController.swift in Sources */ = {isa = PBXBuildFile; fileRef = 1D7F56321B0CF63E00A94E99 /* ViewController.swift */; };
		1D7F56361B0CF63E00A94E99 /* Main.storyboard in Resources */ = {isa = PBXBuildFile; fileRef = 1D7F56341B0CF63E00A94E99 /* Main.storyboard */; };
		1D7F563B1B0CF63E00A94E99 /* LaunchScreen.xib in Resources */ = {isa = PBXBuildFile; fileRef = 1D7F56391B0CF63E00A94E99 /* LaunchScreen.xib */; };
		1D7F56471B0CF63E00A94E99 /* Tic_Tac_ToTests.swift in Sources */ = {isa = PBXBuildFile; fileRef = 1D7F56461B0CF63E00A94E99 /* Tic_Tac_ToTests.swift */; };
		1D7F56511B0D018E00A94E99 /* GameViewController.swift in Sources */ = {isa = PBXBuildFile; fileRef = 1D7F56501B0D018E00A94E99 /* GameViewController.swift */; };
		1D8C5D321BAC5F6000E77B07 /* AsyncButton.swift in Sources */ = {isa = PBXBuildFile; fileRef = 1D8C5D141BAC5F6000E77B07 /* AsyncButton.swift */; settings = {ASSET_TAGS = (); }; };
		1D8C5D331BAC5F6000E77B07 /* AsyncImageView.swift in Sources */ = {isa = PBXBuildFile; fileRef = 1D8C5D151BAC5F6000E77B07 /* AsyncImageView.swift */; settings = {ASSET_TAGS = (); }; };
		1D8C5D341BAC5F6000E77B07 /* AutoTextView.swift in Sources */ = {isa = PBXBuildFile; fileRef = 1D8C5D161BAC5F6000E77B07 /* AutoTextView.swift */; settings = {ASSET_TAGS = (); }; };
		1D8C5D351BAC5F6000E77B07 /* BlurView.swift in Sources */ = {isa = PBXBuildFile; fileRef = 1D8C5D171BAC5F6000E77B07 /* BlurView.swift */; settings = {ASSET_TAGS = (); }; };
		1D8C5D361BAC5F6000E77B07 /* DesignableButton.swift in Sources */ = {isa = PBXBuildFile; fileRef = 1D8C5D181BAC5F6000E77B07 /* DesignableButton.swift */; settings = {ASSET_TAGS = (); }; };
		1D8C5D371BAC5F6000E77B07 /* DesignableImageView.swift in Sources */ = {isa = PBXBuildFile; fileRef = 1D8C5D191BAC5F6000E77B07 /* DesignableImageView.swift */; settings = {ASSET_TAGS = (); }; };
		1D8C5D381BAC5F6000E77B07 /* DesignableLabel.swift in Sources */ = {isa = PBXBuildFile; fileRef = 1D8C5D1A1BAC5F6000E77B07 /* DesignableLabel.swift */; settings = {ASSET_TAGS = (); }; };
		1D8C5D391BAC5F6000E77B07 /* DesignableTabBarController.swift in Sources */ = {isa = PBXBuildFile; fileRef = 1D8C5D1B1BAC5F6000E77B07 /* DesignableTabBarController.swift */; settings = {ASSET_TAGS = (); }; };
		1D8C5D3A1BAC5F6000E77B07 /* DesignableTextField.swift in Sources */ = {isa = PBXBuildFile; fileRef = 1D8C5D1C1BAC5F6000E77B07 /* DesignableTextField.swift */; settings = {ASSET_TAGS = (); }; };
		1D8C5D3B1BAC5F6000E77B07 /* DesignableTextView.swift in Sources */ = {isa = PBXBuildFile; fileRef = 1D8C5D1D1BAC5F6000E77B07 /* DesignableTextView.swift */; settings = {ASSET_TAGS = (); }; };
		1D8C5D3C1BAC5F6000E77B07 /* DesignableView.swift in Sources */ = {isa = PBXBuildFile; fileRef = 1D8C5D1E1BAC5F6000E77B07 /* DesignableView.swift */; settings = {ASSET_TAGS = (); }; };
		1D8C5D3D1BAC5F6000E77B07 /* ImageLoader.swift in Sources */ = {isa = PBXBuildFile; fileRef = 1D8C5D1F1BAC5F6000E77B07 /* ImageLoader.swift */; settings = {ASSET_TAGS = (); }; };
		1D8C5D3E1BAC5F6000E77B07 /* Info.plist in Resources */ = {isa = PBXBuildFile; fileRef = 1D8C5D201BAC5F6000E77B07 /* Info.plist */; settings = {ASSET_TAGS = (); }; };
		1D8C5D3F1BAC5F6000E77B07 /* KeyboardLayoutConstraint.swift in Sources */ = {isa = PBXBuildFile; fileRef = 1D8C5D211BAC5F6000E77B07 /* KeyboardLayoutConstraint.swift */; settings = {ASSET_TAGS = (); }; };
		1D8C5D401BAC5F6000E77B07 /* LoadingView.swift in Sources */ = {isa = PBXBuildFile; fileRef = 1D8C5D221BAC5F6000E77B07 /* LoadingView.swift */; settings = {ASSET_TAGS = (); }; };
		1D8C5D411BAC5F6000E77B07 /* LoadingView.xib in Resources */ = {isa = PBXBuildFile; fileRef = 1D8C5D231BAC5F6000E77B07 /* LoadingView.xib */; settings = {ASSET_TAGS = (); }; };
		1D8C5D421BAC5F6000E77B07 /* Misc.swift in Sources */ = {isa = PBXBuildFile; fileRef = 1D8C5D241BAC5F6000E77B07 /* Misc.swift */; settings = {ASSET_TAGS = (); }; };
		1D8C5D431BAC5F6000E77B07 /* SoundPlayer.swift in Sources */ = {isa = PBXBuildFile; fileRef = 1D8C5D251BAC5F6000E77B07 /* SoundPlayer.swift */; settings = {ASSET_TAGS = (); }; };
		1D8C5D441BAC5F6000E77B07 /* Spring.swift in Sources */ = {isa = PBXBuildFile; fileRef = 1D8C5D271BAC5F6000E77B07 /* Spring.swift */; settings = {ASSET_TAGS = (); }; };
		1D8C5D451BAC5F6000E77B07 /* SpringAnimation.swift in Sources */ = {isa = PBXBuildFile; fileRef = 1D8C5D281BAC5F6000E77B07 /* SpringAnimation.swift */; settings = {ASSET_TAGS = (); }; };
		1D8C5D461BAC5F6000E77B07 /* SpringButton.swift in Sources */ = {isa = PBXBuildFile; fileRef = 1D8C5D291BAC5F6000E77B07 /* SpringButton.swift */; settings = {ASSET_TAGS = (); }; };
		1D8C5D471BAC5F6000E77B07 /* SpringImageView.swift in Sources */ = {isa = PBXBuildFile; fileRef = 1D8C5D2A1BAC5F6000E77B07 /* SpringImageView.swift */; settings = {ASSET_TAGS = (); }; };
		1D8C5D481BAC5F6000E77B07 /* SpringLabel.swift in Sources */ = {isa = PBXBuildFile; fileRef = 1D8C5D2B1BAC5F6000E77B07 /* SpringLabel.swift */; settings = {ASSET_TAGS = (); }; };
		1D8C5D491BAC5F6000E77B07 /* SpringTextField.swift in Sources */ = {isa = PBXBuildFile; fileRef = 1D8C5D2C1BAC5F6000E77B07 /* SpringTextField.swift */; settings = {ASSET_TAGS = (); }; };
		1D8C5D4A1BAC5F6000E77B07 /* SpringTextView.swift in Sources */ = {isa = PBXBuildFile; fileRef = 1D8C5D2D1BAC5F6000E77B07 /* SpringTextView.swift */; settings = {ASSET_TAGS = (); }; };
		1D8C5D4B1BAC5F6000E77B07 /* SpringView.swift in Sources */ = {isa = PBXBuildFile; fileRef = 1D8C5D2E1BAC5F6000E77B07 /* SpringView.swift */; settings = {ASSET_TAGS = (); }; };
		1D8C5D4C1BAC5F6000E77B07 /* TransitionManager.swift in Sources */ = {isa = PBXBuildFile; fileRef = 1D8C5D2F1BAC5F6000E77B07 /* TransitionManager.swift */; settings = {ASSET_TAGS = (); }; };
		1D8C5D4D1BAC5F6000E77B07 /* TransitionZoom.swift in Sources */ = {isa = PBXBuildFile; fileRef = 1D8C5D301BAC5F6000E77B07 /* TransitionZoom.swift */; settings = {ASSET_TAGS = (); }; };
		1D8C5D4E1BAC5F6000E77B07 /* UnwindSegue.swift in Sources */ = {isa = PBXBuildFile; fileRef = 1D8C5D311BAC5F6000E77B07 /* UnwindSegue.swift */; settings = {ASSET_TAGS = (); }; };
		1D8C5D501BAC5F7B00E77B07 /* Images.xcassets in Resources */ = {isa = PBXBuildFile; fileRef = 1D8C5D4F1BAC5F7B00E77B07 /* Images.xcassets */; settings = {ASSET_TAGS = (); }; };
/* End PBXBuildFile section */

/* Begin PBXContainerItemProxy section */
		1D7F56411B0CF63E00A94E99 /* PBXContainerItemProxy */ = {
			isa = PBXContainerItemProxy;
			containerPortal = 1D7F56201B0CF63E00A94E99 /* Project object */;
			proxyType = 1;
			remoteGlobalIDString = 1D7F56271B0CF63E00A94E99;
			remoteInfo = "Tic Tac To";
		};
/* End PBXContainerItemProxy section */

/* Begin PBXFileReference section */
		1D6575581B1F68FC00A895FE /* FollowDevView.swift */ = {isa = PBXFileReference; fileEncoding = 4; lastKnownFileType = sourcecode.swift; path = FollowDevView.swift; sourceTree = "<group>"; };
		1D69D63E1B14FA9F00D12524 /* MultiplayerViewController.swift */ = {isa = PBXFileReference; fileEncoding = 4; lastKnownFileType = sourcecode.swift; path = MultiplayerViewController.swift; sourceTree = "<group>"; };
		1D7F56281B0CF63E00A94E99 /* Tic Tac To.app */ = {isa = PBXFileReference; explicitFileType = wrapper.application; includeInIndex = 0; path = "Tic Tac To.app"; sourceTree = BUILT_PRODUCTS_DIR; };
		1D7F562C1B0CF63E00A94E99 /* Info.plist */ = {isa = PBXFileReference; lastKnownFileType = text.plist.xml; path = Info.plist; sourceTree = "<group>"; };
		1D7F562D1B0CF63E00A94E99 /* AppDelegate.swift */ = {isa = PBXFileReference; lastKnownFileType = sourcecode.swift; path = AppDelegate.swift; sourceTree = "<group>"; };
		1D7F56301B0CF63E00A94E99 /* Tic_Tac_To.xcdatamodel */ = {isa = PBXFileReference; lastKnownFileType = wrapper.xcdatamodel; path = Tic_Tac_To.xcdatamodel; sourceTree = "<group>"; };
		1D7F56321B0CF63E00A94E99 /* ViewController.swift */ = {isa = PBXFileReference; lastKnownFileType = sourcecode.swift; path = ViewController.swift; sourceTree = "<group>"; };
		1D7F56351B0CF63E00A94E99 /* Base */ = {isa = PBXFileReference; lastKnownFileType = file.storyboard; name = Base; path = Base.lproj/Main.storyboard; sourceTree = "<group>"; };
		1D7F563A1B0CF63E00A94E99 /* Base */ = {isa = PBXFileReference; lastKnownFileType = file.xib; name = Base; path = Base.lproj/LaunchScreen.xib; sourceTree = "<group>"; };
		1D7F56401B0CF63E00A94E99 /* Tic Tac ToTests.xctest */ = {isa = PBXFileReference; explicitFileType = wrapper.cfbundle; includeInIndex = 0; path = "Tic Tac ToTests.xctest"; sourceTree = BUILT_PRODUCTS_DIR; };
		1D7F56451B0CF63E00A94E99 /* Info.plist */ = {isa = PBXFileReference; lastKnownFileType = text.plist.xml; path = Info.plist; sourceTree = "<group>"; };
		1D7F56461B0CF63E00A94E99 /* Tic_Tac_ToTests.swift */ = {isa = PBXFileReference; lastKnownFileType = sourcecode.swift; path = Tic_Tac_ToTests.swift; sourceTree = "<group>"; };
		1D7F56501B0D018E00A94E99 /* GameViewController.swift */ = {isa = PBXFileReference; fileEncoding = 4; lastKnownFileType = sourcecode.swift; path = GameViewController.swift; sourceTree = "<group>"; };
		1D8C5D141BAC5F6000E77B07 /* AsyncButton.swift */ = {isa = PBXFileReference; fileEncoding = 4; lastKnownFileType = sourcecode.swift; path = AsyncButton.swift; sourceTree = "<group>"; };
		1D8C5D151BAC5F6000E77B07 /* AsyncImageView.swift */ = {isa = PBXFileReference; fileEncoding = 4; lastKnownFileType = sourcecode.swift; path = AsyncImageView.swift; sourceTree = "<group>"; };
		1D8C5D161BAC5F6000E77B07 /* AutoTextView.swift */ = {isa = PBXFileReference; fileEncoding = 4; lastKnownFileType = sourcecode.swift; path = AutoTextView.swift; sourceTree = "<group>"; };
		1D8C5D171BAC5F6000E77B07 /* BlurView.swift */ = {isa = PBXFileReference; fileEncoding = 4; lastKnownFileType = sourcecode.swift; path = BlurView.swift; sourceTree = "<group>"; };
		1D8C5D181BAC5F6000E77B07 /* DesignableButton.swift */ = {isa = PBXFileReference; fileEncoding = 4; lastKnownFileType = sourcecode.swift; path = DesignableButton.swift; sourceTree = "<group>"; };
		1D8C5D191BAC5F6000E77B07 /* DesignableImageView.swift */ = {isa = PBXFileReference; fileEncoding = 4; lastKnownFileType = sourcecode.swift; path = DesignableImageView.swift; sourceTree = "<group>"; };
		1D8C5D1A1BAC5F6000E77B07 /* DesignableLabel.swift */ = {isa = PBXFileReference; fileEncoding = 4; lastKnownFileType = sourcecode.swift; path = DesignableLabel.swift; sourceTree = "<group>"; };
		1D8C5D1B1BAC5F6000E77B07 /* DesignableTabBarController.swift */ = {isa = PBXFileReference; fileEncoding = 4; lastKnownFileType = sourcecode.swift; path = DesignableTabBarController.swift; sourceTree = "<group>"; };
		1D8C5D1C1BAC5F6000E77B07 /* DesignableTextField.swift */ = {isa = PBXFileReference; fileEncoding = 4; lastKnownFileType = sourcecode.swift; path = DesignableTextField.swift; sourceTree = "<group>"; };
		1D8C5D1D1BAC5F6000E77B07 /* DesignableTextView.swift */ = {isa = PBXFileReference; fileEncoding = 4; lastKnownFileType = sourcecode.swift; path = DesignableTextView.swift; sourceTree = "<group>"; };
		1D8C5D1E1BAC5F6000E77B07 /* DesignableView.swift */ = {isa = PBXFileReference; fileEncoding = 4; lastKnownFileType = sourcecode.swift; path = DesignableView.swift; sourceTree = "<group>"; };
		1D8C5D1F1BAC5F6000E77B07 /* ImageLoader.swift */ = {isa = PBXFileReference; fileEncoding = 4; lastKnownFileType = sourcecode.swift; path = ImageLoader.swift; sourceTree = "<group>"; };
		1D8C5D201BAC5F6000E77B07 /* Info.plist */ = {isa = PBXFileReference; fileEncoding = 4; lastKnownFileType = text.plist.xml; path = Info.plist; sourceTree = "<group>"; };
		1D8C5D211BAC5F6000E77B07 /* KeyboardLayoutConstraint.swift */ = {isa = PBXFileReference; fileEncoding = 4; lastKnownFileType = sourcecode.swift; path = KeyboardLayoutConstraint.swift; sourceTree = "<group>"; };
		1D8C5D221BAC5F6000E77B07 /* LoadingView.swift */ = {isa = PBXFileReference; fileEncoding = 4; lastKnownFileType = sourcecode.swift; path = LoadingView.swift; sourceTree = "<group>"; };
		1D8C5D231BAC5F6000E77B07 /* LoadingView.xib */ = {isa = PBXFileReference; fileEncoding = 4; lastKnownFileType = file.xib; path = LoadingView.xib; sourceTree = "<group>"; };
		1D8C5D241BAC5F6000E77B07 /* Misc.swift */ = {isa = PBXFileReference; fileEncoding = 4; lastKnownFileType = sourcecode.swift; path = Misc.swift; sourceTree = "<group>"; };
		1D8C5D251BAC5F6000E77B07 /* SoundPlayer.swift */ = {isa = PBXFileReference; fileEncoding = 4; lastKnownFileType = sourcecode.swift; path = SoundPlayer.swift; sourceTree = "<group>"; };
		1D8C5D261BAC5F6000E77B07 /* Spring.h */ = {isa = PBXFileReference; fileEncoding = 4; lastKnownFileType = sourcecode.c.h; path = Spring.h; sourceTree = "<group>"; };
		1D8C5D271BAC5F6000E77B07 /* Spring.swift */ = {isa = PBXFileReference; fileEncoding = 4; lastKnownFileType = sourcecode.swift; path = Spring.swift; sourceTree = "<group>"; };
		1D8C5D281BAC5F6000E77B07 /* SpringAnimation.swift */ = {isa = PBXFileReference; fileEncoding = 4; lastKnownFileType = sourcecode.swift; path = SpringAnimation.swift; sourceTree = "<group>"; };
		1D8C5D291BAC5F6000E77B07 /* SpringButton.swift */ = {isa = PBXFileReference; fileEncoding = 4; lastKnownFileType = sourcecode.swift; path = SpringButton.swift; sourceTree = "<group>"; };
		1D8C5D2A1BAC5F6000E77B07 /* SpringImageView.swift */ = {isa = PBXFileReference; fileEncoding = 4; lastKnownFileType = sourcecode.swift; path = SpringImageView.swift; sourceTree = "<group>"; };
		1D8C5D2B1BAC5F6000E77B07 /* SpringLabel.swift */ = {isa = PBXFileReference; fileEncoding = 4; lastKnownFileType = sourcecode.swift; path = SpringLabel.swift; sourceTree = "<group>"; };
		1D8C5D2C1BAC5F6000E77B07 /* SpringTextField.swift */ = {isa = PBXFileReference; fileEncoding = 4; lastKnownFileType = sourcecode.swift; path = SpringTextField.swift; sourceTree = "<group>"; };
		1D8C5D2D1BAC5F6000E77B07 /* SpringTextView.swift */ = {isa = PBXFileReference; fileEncoding = 4; lastKnownFileType = sourcecode.swift; path = SpringTextView.swift; sourceTree = "<group>"; };
		1D8C5D2E1BAC5F6000E77B07 /* SpringView.swift */ = {isa = PBXFileReference; fileEncoding = 4; lastKnownFileType = sourcecode.swift; path = SpringView.swift; sourceTree = "<group>"; };
		1D8C5D2F1BAC5F6000E77B07 /* TransitionManager.swift */ = {isa = PBXFileReference; fileEncoding = 4; lastKnownFileType = sourcecode.swift; path = TransitionManager.swift; sourceTree = "<group>"; };
		1D8C5D301BAC5F6000E77B07 /* TransitionZoom.swift */ = {isa = PBXFileReference; fileEncoding = 4; lastKnownFileType = sourcecode.swift; path = TransitionZoom.swift; sourceTree = "<group>"; };
		1D8C5D311BAC5F6000E77B07 /* UnwindSegue.swift */ = {isa = PBXFileReference; fileEncoding = 4; lastKnownFileType = sourcecode.swift; path = UnwindSegue.swift; sourceTree = "<group>"; };
		1D8C5D4F1BAC5F7B00E77B07 /* Images.xcassets */ = {isa = PBXFileReference; lastKnownFileType = folder.assetcatalog; path = Images.xcassets; sourceTree = "<group>"; };
/* End PBXFileReference section */

/* Begin PBXFrameworksBuildPhase section */
		1D7F56251B0CF63E00A94E99 /* Frameworks */ = {
			isa = PBXFrameworksBuildPhase;
			buildActionMask = 2147483647;
			files = (
			);
			runOnlyForDeploymentPostprocessing = 0;
		};
		1D7F563D1B0CF63E00A94E99 /* Frameworks */ = {
			isa = PBXFrameworksBuildPhase;
			buildActionMask = 2147483647;
			files = (
			);
			runOnlyForDeploymentPostprocessing = 0;
		};
/* End PBXFrameworksBuildPhase section */

/* Begin PBXGroup section */
		1D7F561F1B0CF63E00A94E99 = {
			isa = PBXGroup;
			children = (
				1D7F562A1B0CF63E00A94E99 /* Tic Tac To */,
				1D7F56431B0CF63E00A94E99 /* Tic Tac ToTests */,
				1D7F56291B0CF63E00A94E99 /* Products */,
			);
			sourceTree = "<group>";
		};
		1D7F56291B0CF63E00A94E99 /* Products */ = {
			isa = PBXGroup;
			children = (
				1D7F56281B0CF63E00A94E99 /* Tic Tac To.app */,
				1D7F56401B0CF63E00A94E99 /* Tic Tac ToTests.xctest */,
			);
			name = Products;
			sourceTree = "<group>";
		};
		1D7F562A1B0CF63E00A94E99 /* Tic Tac To */ = {
			isa = PBXGroup;
			children = (
				1D8C5D131BAC5F6000E77B07 /* Spring */,
				1D7F562D1B0CF63E00A94E99 /* AppDelegate.swift */,
				1D7F56321B0CF63E00A94E99 /* ViewController.swift */,
				1D7F56501B0D018E00A94E99 /* GameViewController.swift */,
				1D69D63E1B14FA9F00D12524 /* MultiplayerViewController.swift */,
				1D6575581B1F68FC00A895FE /* FollowDevView.swift */,
				1D7F56341B0CF63E00A94E99 /* Main.storyboard */,
				1D8C5D4F1BAC5F7B00E77B07 /* Images.xcassets */,
				1D7F56391B0CF63E00A94E99 /* LaunchScreen.xib */,
				1D7F562F1B0CF63E00A94E99 /* Tic_Tac_To.xcdatamodeld */,
				1D7F562B1B0CF63E00A94E99 /* Supporting Files */,
			);
			path = "Tic Tac To";
			sourceTree = "<group>";
		};
		1D7F562B1B0CF63E00A94E99 /* Supporting Files */ = {
			isa = PBXGroup;
			children = (
				1D7F562C1B0CF63E00A94E99 /* Info.plist */,
			);
			name = "Supporting Files";
			sourceTree = "<group>";
		};
		1D7F56431B0CF63E00A94E99 /* Tic Tac ToTests */ = {
			isa = PBXGroup;
			children = (
				1D7F56461B0CF63E00A94E99 /* Tic_Tac_ToTests.swift */,
				1D7F56441B0CF63E00A94E99 /* Supporting Files */,
			);
			path = "Tic Tac ToTests";
			sourceTree = "<group>";
		};
		1D7F56441B0CF63E00A94E99 /* Supporting Files */ = {
			isa = PBXGroup;
			children = (
				1D7F56451B0CF63E00A94E99 /* Info.plist */,
			);
			name = "Supporting Files";
			sourceTree = "<group>";
		};
		1D8C5D131BAC5F6000E77B07 /* Spring */ = {
			isa = PBXGroup;
			children = (
				1D8C5D141BAC5F6000E77B07 /* AsyncButton.swift */,
				1D8C5D151BAC5F6000E77B07 /* AsyncImageView.swift */,
				1D8C5D161BAC5F6000E77B07 /* AutoTextView.swift */,
				1D8C5D171BAC5F6000E77B07 /* BlurView.swift */,
				1D8C5D181BAC5F6000E77B07 /* DesignableButton.swift */,
				1D8C5D191BAC5F6000E77B07 /* DesignableImageView.swift */,
				1D8C5D1A1BAC5F6000E77B07 /* DesignableLabel.swift */,
				1D8C5D1B1BAC5F6000E77B07 /* DesignableTabBarController.swift */,
				1D8C5D1C1BAC5F6000E77B07 /* DesignableTextField.swift */,
				1D8C5D1D1BAC5F6000E77B07 /* DesignableTextView.swift */,
				1D8C5D1E1BAC5F6000E77B07 /* DesignableView.swift */,
				1D8C5D1F1BAC5F6000E77B07 /* ImageLoader.swift */,
				1D8C5D201BAC5F6000E77B07 /* Info.plist */,
				1D8C5D211BAC5F6000E77B07 /* KeyboardLayoutConstraint.swift */,
				1D8C5D221BAC5F6000E77B07 /* LoadingView.swift */,
				1D8C5D231BAC5F6000E77B07 /* LoadingView.xib */,
				1D8C5D241BAC5F6000E77B07 /* Misc.swift */,
				1D8C5D251BAC5F6000E77B07 /* SoundPlayer.swift */,
				1D8C5D261BAC5F6000E77B07 /* Spring.h */,
				1D8C5D271BAC5F6000E77B07 /* Spring.swift */,
				1D8C5D281BAC5F6000E77B07 /* SpringAnimation.swift */,
				1D8C5D291BAC5F6000E77B07 /* SpringButton.swift */,
				1D8C5D2A1BAC5F6000E77B07 /* SpringImageView.swift */,
				1D8C5D2B1BAC5F6000E77B07 /* SpringLabel.swift */,
				1D8C5D2C1BAC5F6000E77B07 /* SpringTextField.swift */,
				1D8C5D2D1BAC5F6000E77B07 /* SpringTextView.swift */,
				1D8C5D2E1BAC5F6000E77B07 /* SpringView.swift */,
				1D8C5D2F1BAC5F6000E77B07 /* TransitionManager.swift */,
				1D8C5D301BAC5F6000E77B07 /* TransitionZoom.swift */,
				1D8C5D311BAC5F6000E77B07 /* UnwindSegue.swift */,
			);
			path = Spring;
			sourceTree = "<group>";
		};
/* End PBXGroup section */

/* Begin PBXNativeTarget section */
		1D7F56271B0CF63E00A94E99 /* Tic Tac To */ = {
			isa = PBXNativeTarget;
			buildConfigurationList = 1D7F564A1B0CF63E00A94E99 /* Build configuration list for PBXNativeTarget "Tic Tac To" */;
			buildPhases = (
				1D7F56241B0CF63E00A94E99 /* Sources */,
				1D7F56251B0CF63E00A94E99 /* Frameworks */,
				1D7F56261B0CF63E00A94E99 /* Resources */,
			);
			buildRules = (
			);
			dependencies = (
			);
			name = "Tic Tac To";
			productName = "Tic Tac To";
			productReference = 1D7F56281B0CF63E00A94E99 /* Tic Tac To.app */;
			productType = "com.apple.product-type.application";
		};
		1D7F563F1B0CF63E00A94E99 /* Tic Tac ToTests */ = {
			isa = PBXNativeTarget;
			buildConfigurationList = 1D7F564D1B0CF63E00A94E99 /* Build configuration list for PBXNativeTarget "Tic Tac ToTests" */;
			buildPhases = (
				1D7F563C1B0CF63E00A94E99 /* Sources */,
				1D7F563D1B0CF63E00A94E99 /* Frameworks */,
				1D7F563E1B0CF63E00A94E99 /* Resources */,
			);
			buildRules = (
			);
			dependencies = (
				1D7F56421B0CF63E00A94E99 /* PBXTargetDependency */,
			);
			name = "Tic Tac ToTests";
			productName = "Tic Tac ToTests";
			productReference = 1D7F56401B0CF63E00A94E99 /* Tic Tac ToTests.xctest */;
			productType = "com.apple.product-type.bundle.unit-test";
		};
/* End PBXNativeTarget section */

/* Begin PBXProject section */
		1D7F56201B0CF63E00A94E99 /* Project object */ = {
			isa = PBXProject;
			attributes = {
				LastSwiftMigration = 0700;
				LastSwiftUpdateCheck = 0700;
				LastUpgradeCheck = 0700;
				ORGANIZATIONNAME = "Ben Emdon";
				TargetAttributes = {
					1D7F56271B0CF63E00A94E99 = {
						CreatedOnToolsVersion = 6.3.2;
						DevelopmentTeam = E299TDEV8Z;
					};
					1D7F563F1B0CF63E00A94E99 = {
						CreatedOnToolsVersion = 6.3.2;
						TestTargetID = 1D7F56271B0CF63E00A94E99;
					};
				};
			};
			buildConfigurationList = 1D7F56231B0CF63E00A94E99 /* Build configuration list for PBXProject "Tic Tac To" */;
			compatibilityVersion = "Xcode 3.2";
			developmentRegion = English;
			hasScannedForEncodings = 0;
			knownRegions = (
				en,
				Base,
			);
			mainGroup = 1D7F561F1B0CF63E00A94E99;
			productRefGroup = 1D7F56291B0CF63E00A94E99 /* Products */;
			projectDirPath = "";
			projectRoot = "";
			targets = (
				1D7F56271B0CF63E00A94E99 /* Tic Tac To */,
				1D7F563F1B0CF63E00A94E99 /* Tic Tac ToTests */,
			);
		};
/* End PBXProject section */

/* Begin PBXResourcesBuildPhase section */
		1D7F56261B0CF63E00A94E99 /* Resources */ = {
			isa = PBXResourcesBuildPhase;
			buildActionMask = 2147483647;
			files = (
				1D8C5D3E1BAC5F6000E77B07 /* Info.plist in Resources */,
				1D7F56361B0CF63E00A94E99 /* Main.storyboard in Resources */,
				1D8C5D501BAC5F7B00E77B07 /* Images.xcassets in Resources */,
				1D7F563B1B0CF63E00A94E99 /* LaunchScreen.xib in Resources */,
				1D8C5D411BAC5F6000E77B07 /* LoadingView.xib in Resources */,
			);
			runOnlyForDeploymentPostprocessing = 0;
		};
		1D7F563E1B0CF63E00A94E99 /* Resources */ = {
			isa = PBXResourcesBuildPhase;
			buildActionMask = 2147483647;
			files = (
			);
			runOnlyForDeploymentPostprocessing = 0;
		};
/* End PBXResourcesBuildPhase section */

/* Begin PBXSourcesBuildPhase section */
		1D7F56241B0CF63E00A94E99 /* Sources */ = {
			isa = PBXSourcesBuildPhase;
			buildActionMask = 2147483647;
			files = (
				1D7F56511B0D018E00A94E99 /* GameViewController.swift in Sources */,
				1D8C5D3B1BAC5F6000E77B07 /* DesignableTextView.swift in Sources */,
				1D8C5D431BAC5F6000E77B07 /* SoundPlayer.swift in Sources */,
				1D8C5D451BAC5F6000E77B07 /* SpringAnimation.swift in Sources */,
				1D8C5D321BAC5F6000E77B07 /* AsyncButton.swift in Sources */,
				1D8C5D4B1BAC5F6000E77B07 /* SpringView.swift in Sources */,
				1D8C5D3F1BAC5F6000E77B07 /* KeyboardLayoutConstraint.swift in Sources */,
				1D8C5D4C1BAC5F6000E77B07 /* TransitionManager.swift in Sources */,
				1D7F56331B0CF63E00A94E99 /* ViewController.swift in Sources */,
				1D8C5D341BAC5F6000E77B07 /* AutoTextView.swift in Sources */,
				1D8C5D381BAC5F6000E77B07 /* DesignableLabel.swift in Sources */,
				1D8C5D471BAC5F6000E77B07 /* SpringImageView.swift in Sources */,
				1D8C5D371BAC5F6000E77B07 /* DesignableImageView.swift in Sources */,
				1D8C5D391BAC5F6000E77B07 /* DesignableTabBarController.swift in Sources */,
				1D8C5D3A1BAC5F6000E77B07 /* DesignableTextField.swift in Sources */,
				1D8C5D361BAC5F6000E77B07 /* DesignableButton.swift in Sources */,
				1D8C5D461BAC5F6000E77B07 /* SpringButton.swift in Sources */,
				1D8C5D481BAC5F6000E77B07 /* SpringLabel.swift in Sources */,
				1D8C5D4E1BAC5F6000E77B07 /* UnwindSegue.swift in Sources */,
				1D8C5D331BAC5F6000E77B07 /* AsyncImageView.swift in Sources */,
				1D7F56311B0CF63E00A94E99 /* Tic_Tac_To.xcdatamodeld in Sources */,
				1D8C5D401BAC5F6000E77B07 /* LoadingView.swift in Sources */,
				1D8C5D441BAC5F6000E77B07 /* Spring.swift in Sources */,
				1D8C5D491BAC5F6000E77B07 /* SpringTextField.swift in Sources */,
				1D69D63F1B14FA9F00D12524 /* MultiplayerViewController.swift in Sources */,
				1D8C5D351BAC5F6000E77B07 /* BlurView.swift in Sources */,
				1D8C5D3D1BAC5F6000E77B07 /* ImageLoader.swift in Sources */,
				1D8C5D4A1BAC5F6000E77B07 /* SpringTextView.swift in Sources */,
				1D7F562E1B0CF63E00A94E99 /* AppDelegate.swift in Sources */,
				1D8C5D421BAC5F6000E77B07 /* Misc.swift in Sources */,
				1D6575591B1F68FC00A895FE /* FollowDevView.swift in Sources */,
				1D8C5D3C1BAC5F6000E77B07 /* DesignableView.swift in Sources */,
				1D8C5D4D1BAC5F6000E77B07 /* TransitionZoom.swift in Sources */,
			);
			runOnlyForDeploymentPostprocessing = 0;
		};
		1D7F563C1B0CF63E00A94E99 /* Sources */ = {
			isa = PBXSourcesBuildPhase;
			buildActionMask = 2147483647;
			files = (
				1D7F56471B0CF63E00A94E99 /* Tic_Tac_ToTests.swift in Sources */,
			);
			runOnlyForDeploymentPostprocessing = 0;
		};
/* End PBXSourcesBuildPhase section */

/* Begin PBXTargetDependency section */
		1D7F56421B0CF63E00A94E99 /* PBXTargetDependency */ = {
			isa = PBXTargetDependency;
			target = 1D7F56271B0CF63E00A94E99 /* Tic Tac To */;
			targetProxy = 1D7F56411B0CF63E00A94E99 /* PBXContainerItemProxy */;
		};
/* End PBXTargetDependency section */

/* Begin PBXVariantGroup section */
		1D7F56341B0CF63E00A94E99 /* Main.storyboard */ = {
			isa = PBXVariantGroup;
			children = (
				1D7F56351B0CF63E00A94E99 /* Base */,
			);
			name = Main.storyboard;
			sourceTree = "<group>";
		};
		1D7F56391B0CF63E00A94E99 /* LaunchScreen.xib */ = {
			isa = PBXVariantGroup;
			children = (
				1D7F563A1B0CF63E00A94E99 /* Base */,
			);
			name = LaunchScreen.xib;
			sourceTree = "<group>";
		};
/* End PBXVariantGroup section */

/* Begin XCBuildConfiguration section */
		1D7F56481B0CF63E00A94E99 /* Debug */ = {
			isa = XCBuildConfiguration;
			buildSettings = {
				ALWAYS_SEARCH_USER_PATHS = NO;
				CLANG_CXX_LANGUAGE_STANDARD = "gnu++0x";
				CLANG_CXX_LIBRARY = "libc++";
				CLANG_ENABLE_MODULES = YES;
				CLANG_ENABLE_OBJC_ARC = YES;
				CLANG_WARN_BOOL_CONVERSION = YES;
				CLANG_WARN_CONSTANT_CONVERSION = YES;
				CLANG_WARN_DIRECT_OBJC_ISA_USAGE = YES_ERROR;
				CLANG_WARN_EMPTY_BODY = YES;
				CLANG_WARN_ENUM_CONVERSION = YES;
				CLANG_WARN_INT_CONVERSION = YES;
				CLANG_WARN_OBJC_ROOT_CLASS = YES_ERROR;
				CLANG_WARN_UNREACHABLE_CODE = YES;
				CLANG_WARN__DUPLICATE_METHOD_MATCH = YES;
				"CODE_SIGN_IDENTITY[sdk=iphoneos*]" = "iPhone Developer";
				COPY_PHASE_STRIP = NO;
				DEBUG_INFORMATION_FORMAT = "dwarf-with-dsym";
				ENABLE_STRICT_OBJC_MSGSEND = YES;
				ENABLE_TESTABILITY = YES;
				GCC_C_LANGUAGE_STANDARD = gnu99;
				GCC_DYNAMIC_NO_PIC = NO;
				GCC_NO_COMMON_BLOCKS = YES;
				GCC_OPTIMIZATION_LEVEL = 0;
				GCC_PREPROCESSOR_DEFINITIONS = (
					"DEBUG=1",
					"$(inherited)",
				);
				GCC_SYMBOLS_PRIVATE_EXTERN = NO;
				GCC_WARN_64_TO_32_BIT_CONVERSION = YES;
				GCC_WARN_ABOUT_RETURN_TYPE = YES_ERROR;
				GCC_WARN_UNDECLARED_SELECTOR = YES;
				GCC_WARN_UNINITIALIZED_AUTOS = YES_AGGRESSIVE;
				GCC_WARN_UNUSED_FUNCTION = YES;
				GCC_WARN_UNUSED_VARIABLE = YES;
				IPHONEOS_DEPLOYMENT_TARGET = 8.3;
				MTL_ENABLE_DEBUG_INFO = YES;
				ONLY_ACTIVE_ARCH = YES;
				SDKROOT = iphoneos;
				SWIFT_OPTIMIZATION_LEVEL = "-Onone";
			};
			name = Debug;
		};
		1D7F56491B0CF63E00A94E99 /* Release */ = {
			isa = XCBuildConfiguration;
			buildSettings = {
				ALWAYS_SEARCH_USER_PATHS = NO;
				CLANG_CXX_LANGUAGE_STANDARD = "gnu++0x";
				CLANG_CXX_LIBRARY = "libc++";
				CLANG_ENABLE_MODULES = YES;
				CLANG_ENABLE_OBJC_ARC = YES;
				CLANG_WARN_BOOL_CONVERSION = YES;
				CLANG_WARN_CONSTANT_CONVERSION = YES;
				CLANG_WARN_DIRECT_OBJC_ISA_USAGE = YES_ERROR;
				CLANG_WARN_EMPTY_BODY = YES;
				CLANG_WARN_ENUM_CONVERSION = YES;
				CLANG_WARN_INT_CONVERSION = YES;
				CLANG_WARN_OBJC_ROOT_CLASS = YES_ERROR;
				CLANG_WARN_UNREACHABLE_CODE = YES;
				CLANG_WARN__DUPLICATE_METHOD_MATCH = YES;
				"CODE_SIGN_IDENTITY[sdk=iphoneos*]" = "iPhone Developer";
				COPY_PHASE_STRIP = NO;
				DEBUG_INFORMATION_FORMAT = "dwarf-with-dsym";
				ENABLE_NS_ASSERTIONS = NO;
				ENABLE_STRICT_OBJC_MSGSEND = YES;
				GCC_C_LANGUAGE_STANDARD = gnu99;
				GCC_NO_COMMON_BLOCKS = YES;
				GCC_WARN_64_TO_32_BIT_CONVERSION = YES;
				GCC_WARN_ABOUT_RETURN_TYPE = YES_ERROR;
				GCC_WARN_UNDECLARED_SELECTOR = YES;
				GCC_WARN_UNINITIALIZED_AUTOS = YES_AGGRESSIVE;
				GCC_WARN_UNUSED_FUNCTION = YES;
				GCC_WARN_UNUSED_VARIABLE = YES;
				IPHONEOS_DEPLOYMENT_TARGET = 8.3;
				MTL_ENABLE_DEBUG_INFO = NO;
				SDKROOT = iphoneos;
				VALIDATE_PRODUCT = YES;
			};
			name = Release;
		};
		1D7F564B1B0CF63E00A94E99 /* Debug */ = {
			isa = XCBuildConfiguration;
			buildSettings = {
				ASSETCATALOG_COMPILER_APPICON_NAME = AppIcon;
				CODE_SIGN_IDENTITY = "iPhone Developer";
				"CODE_SIGN_IDENTITY[sdk=iphoneos*]" = "iPhone Developer";
				INFOPLIST_FILE = "Tic Tac To/Info.plist";
				LD_RUNPATH_SEARCH_PATHS = "$(inherited) @executable_path/Frameworks";
				PRODUCT_BUNDLE_IDENTIFIER = "com.tumblr.tokyogangster.$(PRODUCT_NAME:rfc1034identifier)";
				PRODUCT_NAME = "Tic Tac To";
				PROVISIONING_PROFILE = "";
			};
			name = Debug;
		};
		1D7F564C1B0CF63E00A94E99 /* Release */ = {
			isa = XCBuildConfiguration;
			buildSettings = {
				ASSETCATALOG_COMPILER_APPICON_NAME = AppIcon;
				CODE_SIGN_IDENTITY = "iPhone Developer";
				"CODE_SIGN_IDENTITY[sdk=iphoneos*]" = "iPhone Developer";
				INFOPLIST_FILE = "Tic Tac To/Info.plist";
				LD_RUNPATH_SEARCH_PATHS = "$(inherited) @executable_path/Frameworks";
				PRODUCT_BUNDLE_IDENTIFIER = "com.tumblr.tokyogangster.$(PRODUCT_NAME:rfc1034identifier)";
				PRODUCT_NAME = "Tic Tac To";
				PROVISIONING_PROFILE = "";
			};
			name = Release;
		};
		1D7F564E1B0CF63E00A94E99 /* Debug */ = {
			isa = XCBuildConfiguration;
			buildSettings = {
				BUNDLE_LOADER = "$(TEST_HOST)";
				FRAMEWORK_SEARCH_PATHS = (
					"$(SDKROOT)/Developer/Library/Frameworks",
					"$(inherited)",
				);
				GCC_PREPROCESSOR_DEFINITIONS = (
					"DEBUG=1",
					"$(inherited)",
				);
				INFOPLIST_FILE = "Tic Tac ToTests/Info.plist";
				LD_RUNPATH_SEARCH_PATHS = "$(inherited) @executable_path/Frameworks @loader_path/Frameworks";
				PRODUCT_BUNDLE_IDENTIFIER = "com.tumblr.tokyogangster.$(PRODUCT_NAME:rfc1034identifier)";
				PRODUCT_NAME = "Tic Tac ToTests";
				TEST_HOST = "$(BUILT_PRODUCTS_DIR)/Tic Tac To.app/Tic Tac To";
			};
			name = Debug;
		};
		1D7F564F1B0CF63E00A94E99 /* Release */ = {
			isa = XCBuildConfiguration;
			buildSettings = {
				BUNDLE_LOADER = "$(TEST_HOST)";
				FRAMEWORK_SEARCH_PATHS = (
					"$(SDKROOT)/Developer/Library/Frameworks",
					"$(inherited)",
				);
				INFOPLIST_FILE = "Tic Tac ToTests/Info.plist";
				LD_RUNPATH_SEARCH_PATHS = "$(inherited) @executable_path/Frameworks @loader_path/Frameworks";
				PRODUCT_BUNDLE_IDENTIFIER = "com.tumblr.tokyogangster.$(PRODUCT_NAME:rfc1034identifier)";
				PRODUCT_NAME = "Tic Tac ToTests";
				TEST_HOST = "$(BUILT_PRODUCTS_DIR)/Tic Tac To.app/Tic Tac To";
			};
			name = Release;
		};
/* End XCBuildConfiguration section */

/* Begin XCConfigurationList section */
		1D7F56231B0CF63E00A94E99 /* Build configuration list for PBXProject "Tic Tac To" */ = {
			isa = XCConfigurationList;
			buildConfigurations = (
				1D7F56481B0CF63E00A94E99 /* Debug */,
				1D7F56491B0CF63E00A94E99 /* Release */,
			);
			defaultConfigurationIsVisible = 0;
			defaultConfigurationName = Release;
		};
		1D7F564A1B0CF63E00A94E99 /* Build configuration list for PBXNativeTarget "Tic Tac To" */ = {
			isa = XCConfigurationList;
			buildConfigurations = (
				1D7F564B1B0CF63E00A94E99 /* Debug */,
				1D7F564C1B0CF63E00A94E99 /* Release */,
			);
			defaultConfigurationIsVisible = 0;
			defaultConfigurationName = Release;
		};
		1D7F564D1B0CF63E00A94E99 /* Build configuration list for PBXNativeTarget "Tic Tac ToTests" */ = {
			isa = XCConfigurationList;
			buildConfigurations = (
				1D7F564E1B0CF63E00A94E99 /* Debug */,
				1D7F564F1B0CF63E00A94E99 /* Release */,
			);
			defaultConfigurationIsVisible = 0;
			defaultConfigurationName = Release;
		};
/* End XCConfigurationList section */

/* Begin XCVersionGroup section */
		1D7F562F1B0CF63E00A94E99 /* Tic_Tac_To.xcdatamodeld */ = {
			isa = XCVersionGroup;
			children = (
				1D7F56301B0CF63E00A94E99 /* Tic_Tac_To.xcdatamodel */,
			);
			currentVersion = 1D7F56301B0CF63E00A94E99 /* Tic_Tac_To.xcdatamodel */;
			path = Tic_Tac_To.xcdatamodeld;
			sourceTree = "<group>";
			versionGroupType = wrapper.xcdatamodel;
		};
/* End XCVersionGroup section */
	};
	rootObject = 1D7F56201B0CF63E00A94E99 /* Project object */;
}
